# This file is generated by running "yarn install" inside your project.
# Manual changes might be lost - proceed with caution!

__metadata:
  version: 6
  cacheKey: 8

"@tootallnate/quickjs-emscripten@npm:^0.23.0":
  version: 0.23.0
  resolution: "@tootallnate/quickjs-emscripten@npm:0.23.0"
  checksum: c350a2947ffb80b22e14ff35099fd582d1340d65723384a0fd0515e905e2534459ad2f301a43279a37308a27c99273c932e64649abd57d0bb3ca8c557150eccc
  languageName: node
  linkType: hard

"@types/node@npm:^22.6.1":
  version: 22.6.1
  resolution: "@types/node@npm:22.6.1"
  dependencies:
    undici-types: ~6.19.2
  checksum: 177e026c83066bf21c3547313aeff45bfc3b77cd055c6dc539c657bbfd43e3f28f194568e5887daac67c9122a6906a2f06845b00ed33c05cf08351b3d2586a35
  languageName: node
  linkType: hard

"agent-base@npm:^7.0.2, agent-base@npm:^7.1.0, agent-base@npm:^7.1.1":
  version: 7.1.1
  resolution: "agent-base@npm:7.1.1"
  dependencies:
    debug: ^4.3.4
  checksum: 51c158769c5c051482f9ca2e6e1ec085ac72b5a418a9b31b4e82fe6c0a6699adb94c1c42d246699a587b3335215037091c79e0de512c516f73b6ea844202f037
  languageName: node
  linkType: hard

"agentkeepalive@npm:^3.5.2":
  version: 3.5.3
  resolution: "agentkeepalive@npm:3.5.3"
  dependencies:
    humanize-ms: ^1.2.1
  checksum: c56879ca38fcf600ba1cd15ddf3fabd6de6e937a4762bfe6d8b75ac590eb3532ae00b1b986617afd37360e36e4e11d0be8d6612669312fff92a51cf4c3cfca7a
  languageName: node
  linkType: hard

"ast-types@npm:^0.13.4":
  version: 0.13.4
  resolution: "ast-types@npm:0.13.4"
  dependencies:
    tslib: ^2.0.1
  checksum: 5a51f7b70588ecced3601845a0e203279ca2f5fdc184416a0a1640c93ec0a267241d6090a328e78eebb8de81f8754754e0a4f1558ba2a3d638f8ccbd0b1f0eff
  languageName: node
  linkType: hard

"asynckit@npm:^0.4.0":
  version: 0.4.0
  resolution: "asynckit@npm:0.4.0"
  checksum: 7b78c451df768adba04e2d02e63e2d0bf3b07adcd6e42b4cf665cb7ce899bedd344c69a1dcbce355b5f972d597b25aaa1c1742b52cffd9caccb22f348114f6be
  languageName: node
  linkType: hard

"base64-js@npm:^1.3.1":
  version: 1.5.1
  resolution: "base64-js@npm:1.5.1"
  checksum: 669632eb3745404c2f822a18fc3a0122d2f9a7a13f7fb8b5823ee19d1d2ff9ee5b52c53367176ea4ad093c332fd5ab4bd0ebae5a8e27917a4105a4cfc86b1005
  languageName: node
  linkType: hard

"basic-ftp@npm:^5.0.2":
  version: 5.0.5
  resolution: "basic-ftp@npm:5.0.5"
  checksum: bc82d1c1c61cd838eaca96d68ece888bacf07546642fb6b9b8328ed410756f5935f8cf43a42cb44bb343e0565e28e908adc54c298bd2f1a6e0976871fb11fec6
  languageName: node
  linkType: hard

"buffer@npm:^5.4.3":
  version: 5.7.1
  resolution: "buffer@npm:5.7.1"
  dependencies:
    base64-js: ^1.3.1
    ieee754: ^1.1.13
  checksum: e2cf8429e1c4c7b8cbd30834ac09bd61da46ce35f5c22a78e6c2f04497d6d25541b16881e30a019c6fd3154150650ccee27a308eff3e26229d788bbdeb08ab84
  languageName: node
  linkType: hard

"buffer@npm:^6.0.3":
  version: 6.0.3
  resolution: "buffer@npm:6.0.3"
  dependencies:
    base64-js: ^1.3.1
    ieee754: ^1.2.1
  checksum: 5ad23293d9a731e4318e420025800b42bf0d264004c0286c8cc010af7a270c7a0f6522e84f54b9ad65cbd6db20b8badbfd8d2ebf4f80fa03dab093b89e68c3f9
  languageName: node
  linkType: hard

"cbor-js@npm:^0.1.0":
  version: 0.1.0
  resolution: "cbor-js@npm:0.1.0"
  checksum: 9267e1d1eda70d34994fec05bb1aa53541673276131ff776194ee7b41e4ee80aec8c5c33f3a1bea3d393f9724c4f46c217b89ee2bcff6e35de583f3c533050fd
  languageName: node
  linkType: hard

"cbor-sync@npm:^1.0.4":
  version: 1.0.4
  resolution: "cbor-sync@npm:1.0.4"
  checksum: 147834c64b43511b2ea601f02bc2cc4190ec8d41a7b8dc3e9037c636b484ca2124bc7d49da7a0f775ea5153ff799d57e45992816851dbb1d61335f308a0d0120
  languageName: node
  linkType: hard

"combined-stream@npm:^1.0.8":
  version: 1.0.8
  resolution: "combined-stream@npm:1.0.8"
  dependencies:
    delayed-stream: ~1.0.0
  checksum: 49fa4aeb4916567e33ea81d088f6584749fc90c7abec76fd516bf1c5aa5c79f3584b5ba3de6b86d26ddd64bae5329c4c7479343250cfe71c75bb366eae53bb7c
  languageName: node
  linkType: hard

"data-uri-to-buffer@npm:^6.0.2":
  version: 6.0.2
  resolution: "data-uri-to-buffer@npm:6.0.2"
  checksum: 8b6927c33f9b54037f442856be0aa20e5fd49fa6c9c8ceece408dc306445d593ad72d207d57037c529ce65f413b421da800c6827b1dbefb607b8056f17123a61
  languageName: node
  linkType: hard

"debug@npm:4, debug@npm:^4.3.4":
  version: 4.3.7
  resolution: "debug@npm:4.3.7"
  dependencies:
    ms: ^2.1.3
  peerDependenciesMeta:
    supports-color:
      optional: true
  checksum: 822d74e209cd910ef0802d261b150314bbcf36c582ccdbb3e70f0894823c17e49a50d3e66d96b633524263975ca16b6a833f3e3b7e030c157169a5fabac63160
  languageName: node
  linkType: hard

"degenerator@npm:^5.0.0":
  version: 5.0.1
  resolution: "degenerator@npm:5.0.1"
  dependencies:
    ast-types: ^0.13.4
    escodegen: ^2.1.0
    esprima: ^4.0.1
  checksum: a64fa39cdf6c2edd75188157d32338ee9de7193d7dbb2aeb4acb1eb30fa4a15ed80ba8dae9bd4d7b085472cf174a5baf81adb761aaa8e326771392c922084152
  languageName: node
  linkType: hard

"delayed-stream@npm:~1.0.0":
  version: 1.0.0
  resolution: "delayed-stream@npm:1.0.0"
  checksum: 46fe6e83e2cb1d85ba50bd52803c68be9bd953282fa7096f51fc29edd5d67ff84ff753c51966061e5ba7cb5e47ef6d36a91924eddb7f3f3483b1c560f77a0020
  languageName: node
  linkType: hard

"escodegen@npm:^2.1.0":
  version: 2.1.0
  resolution: "escodegen@npm:2.1.0"
  dependencies:
    esprima: ^4.0.1
    estraverse: ^5.2.0
    esutils: ^2.0.2
    source-map: ~0.6.1
  dependenciesMeta:
    source-map:
      optional: true
  bin:
    escodegen: bin/escodegen.js
    esgenerate: bin/esgenerate.js
  checksum: 096696407e161305cd05aebb95134ad176708bc5cb13d0dcc89a5fcbb959b8ed757e7f2591a5f8036f8f4952d4a724de0df14cd419e29212729fa6df5ce16bf6
  languageName: node
  linkType: hard

"esprima@npm:^4.0.1":
  version: 4.0.1
  resolution: "esprima@npm:4.0.1"
  bin:
    esparse: ./bin/esparse.js
    esvalidate: ./bin/esvalidate.js
  checksum: b45bc805a613dbea2835278c306b91aff6173c8d034223fa81498c77dcbce3b2931bf6006db816f62eacd9fd4ea975dfd85a5b7f3c6402cfd050d4ca3c13a628
  languageName: node
  linkType: hard

"estraverse@npm:^5.2.0":
  version: 5.3.0
  resolution: "estraverse@npm:5.3.0"
  checksum: 072780882dc8416ad144f8fe199628d2b3e7bbc9989d9ed43795d2c90309a2047e6bc5979d7e2322a341163d22cfad9e21f4110597fe487519697389497e4e2b
  languageName: node
  linkType: hard

"esutils@npm:^2.0.2":
  version: 2.0.3
  resolution: "esutils@npm:2.0.3"
  checksum: 22b5b08f74737379a840b8ed2036a5fb35826c709ab000683b092d9054e5c2a82c27818f12604bfc2a9a76b90b6834ef081edbc1c7ae30d1627012e067c6ec87
  languageName: node
  linkType: hard

"form-data@npm:^4.0.0":
  version: 4.0.0
  resolution: "form-data@npm:4.0.0"
  dependencies:
    asynckit: ^0.4.0
    combined-stream: ^1.0.8
    mime-types: ^2.1.12
  checksum: 01135bf8675f9d5c61ff18e2e2932f719ca4de964e3be90ef4c36aacfc7b9cb2fceb5eca0b7e0190e3383fe51c5b37f4cb80b62ca06a99aaabfcfd6ac7c9328c
  languageName: node
  linkType: hard

"fs-extra@npm:^11.2.0":
  version: 11.2.0
  resolution: "fs-extra@npm:11.2.0"
  dependencies:
    graceful-fs: ^4.2.0
    jsonfile: ^6.0.1
    universalify: ^2.0.0
  checksum: b12e42fa40ba47104202f57b8480dd098aa931c2724565e5e70779ab87605665594e76ee5fb00545f772ab9ace167fe06d2ab009c416dc8c842c5ae6df7aa7e8
  languageName: node
  linkType: hard

"get-uri@npm:^6.0.1":
  version: 6.0.3
  resolution: "get-uri@npm:6.0.3"
  dependencies:
    basic-ftp: ^5.0.2
    data-uri-to-buffer: ^6.0.2
    debug: ^4.3.4
    fs-extra: ^11.2.0
  checksum: 3eda448a59fa1ba82ad4f252e58490fec586b644f2dc9c98ba3ab20e801ecc8a1bc1784829c474c9d188edb633d4dfd81c33894ca6117a33a16e8e013b41b40f
  languageName: node
  linkType: hard

"graceful-fs@npm:^4.1.6, graceful-fs@npm:^4.2.0":
  version: 4.2.11
  resolution: "graceful-fs@npm:4.2.11"
  checksum: ac85f94da92d8eb6b7f5a8b20ce65e43d66761c55ce85ac96df6865308390da45a8d3f0296dd3a663de65d30ba497bd46c696cc1e248c72b13d6d567138a4fc7
  languageName: node
  linkType: hard

"http-proxy-agent@npm:^7.0.0, http-proxy-agent@npm:^7.0.1":
  version: 7.0.2
  resolution: "http-proxy-agent@npm:7.0.2"
  dependencies:
    agent-base: ^7.1.0
    debug: ^4.3.4
  checksum: 670858c8f8f3146db5889e1fa117630910101db601fff7d5a8aa637da0abedf68c899f03d3451cac2f83bcc4c3d2dabf339b3aa00ff8080571cceb02c3ce02f3
  languageName: node
  linkType: hard

"https-proxy-agent@npm:^7.0.3, https-proxy-agent@npm:^7.0.5":
  version: 7.0.5
  resolution: "https-proxy-agent@npm:7.0.5"
  dependencies:
    agent-base: ^7.0.2
    debug: 4
  checksum: 2e1a28960f13b041a50702ee74f240add8e75146a5c37fc98f1960f0496710f6918b3a9fe1e5aba41e50f58e6df48d107edd9c405c5f0d73ac260dabf2210857
  languageName: node
  linkType: hard

"humanize-ms@npm:^1.2.1":
  version: 1.2.1
  resolution: "humanize-ms@npm:1.2.1"
  dependencies:
    ms: ^2.0.0
  checksum: 9c7a74a2827f9294c009266c82031030eae811ca87b0da3dceb8d6071b9bde22c9f3daef0469c3c533cc67a97d8a167cd9fc0389350e5f415f61a79b171ded16
  languageName: node
  linkType: hard

"ieee754@npm:^1.1.13, ieee754@npm:^1.2.1":
  version: 1.2.1
  resolution: "ieee754@npm:1.2.1"
  checksum: 5144c0c9815e54ada181d80a0b810221a253562422e7c6c3a60b1901154184f49326ec239d618c416c1c5945a2e197107aee8d986a3dd836b53dffefd99b5e7e
  languageName: node
  linkType: hard

"ip-address@npm:^9.0.5":
  version: 9.0.5
  resolution: "ip-address@npm:9.0.5"
  dependencies:
    jsbn: 1.1.0
    sprintf-js: ^1.1.3
  checksum: aa15f12cfd0ef5e38349744e3654bae649a34c3b10c77a674a167e99925d1549486c5b14730eebce9fea26f6db9d5e42097b00aa4f9f612e68c79121c71652dc
  languageName: node
  linkType: hard

"jsbn@npm:1.1.0":
  version: 1.1.0
  resolution: "jsbn@npm:1.1.0"
  checksum: 944f924f2bd67ad533b3850eee47603eed0f6ae425fd1ee8c760f477e8c34a05f144c1bd4f5a5dd1963141dc79a2c55f89ccc5ab77d039e7077f3ad196b64965
  languageName: node
  linkType: hard

"jsonfile@npm:^6.0.1":
  version: 6.1.0
  resolution: "jsonfile@npm:6.1.0"
  dependencies:
    graceful-fs: ^4.1.6
    universalify: ^2.0.0
  dependenciesMeta:
    graceful-fs:
      optional: true
  checksum: 7af3b8e1ac8fe7f1eccc6263c6ca14e1966fcbc74b618d3c78a0a2075579487547b94f72b7a1114e844a1e15bb00d440e5d1720bfc4612d790a6f285d5ea8354
  languageName: node
  linkType: hard

"lil-uuid@npm:^0.1.1":
  version: 0.1.1
  resolution: "lil-uuid@npm:0.1.1"
  checksum: 1ca634ede9930a5c0c379525cbe1cbc84d849836154428bb1d74e83e4f22380fc63e0c2ba6c0ed97296cc55bcbb52a1486846410078bd293c1a26b1658a26fdf
  languageName: node
  linkType: hard

"lru-cache@npm:^7.14.1":
  version: 7.18.3
  resolution: "lru-cache@npm:7.18.3"
  checksum: e550d772384709deea3f141af34b6d4fa392e2e418c1498c078de0ee63670f1f46f5eee746e8ef7e69e1c895af0d4224e62ee33e66a543a14763b0f2e74c1356
  languageName: node
  linkType: hard

"mime-db@npm:1.52.0":
  version: 1.52.0
  resolution: "mime-db@npm:1.52.0"
  checksum: 0d99a03585f8b39d68182803b12ac601d9c01abfa28ec56204fa330bc9f3d1c5e14beb049bafadb3dbdf646dfb94b87e24d4ec7b31b7279ef906a8ea9b6a513f
  languageName: node
  linkType: hard

"mime-types@npm:^2.1.12":
  version: 2.1.35
  resolution: "mime-types@npm:2.1.35"
  dependencies:
    mime-db: 1.52.0
  checksum: 89a5b7f1def9f3af5dad6496c5ed50191ae4331cc5389d7c521c8ad28d5fdad2d06fd81baf38fed813dc4e46bb55c8145bb0ff406330818c9cf712fb2e9b3836
  languageName: node
  linkType: hard

"ms@npm:^2.0.0, ms@npm:^2.1.3":
  version: 2.1.3
  resolution: "ms@npm:2.1.3"
  checksum: aa92de608021b242401676e35cfa5aa42dd70cbdc082b916da7fb925c542173e36bce97ea3e804923fe92c0ad991434e4a38327e15a1b5b5f945d66df615ae6d
  languageName: node
  linkType: hard

"netmask@npm:^2.0.2":
  version: 2.0.2
  resolution: "netmask@npm:2.0.2"
  checksum: c65cb8d3f7ea5669edddb3217e4c96910a60d0d9a4b52d9847ff6b28b2d0277cd8464eee0ef85133cdee32605c57940cacdd04a9a019079b091b6bba4cb0ec22
  languageName: node
  linkType: hard

"node-fetch@npm:^2.7.0":
  version: 2.7.0
  resolution: "node-fetch@npm:2.7.0"
  dependencies:
    whatwg-url: ^5.0.0
  peerDependencies:
    encoding: ^0.1.0
  peerDependenciesMeta:
    encoding:
      optional: true
  checksum: d76d2f5edb451a3f05b15115ec89fc6be39de37c6089f1b6368df03b91e1633fd379a7e01b7ab05089a25034b2023d959b47e59759cb38d88341b2459e89d6e5
  languageName: node
  linkType: hard

"pac-proxy-agent@npm:^7.0.1":
  version: 7.0.2
  resolution: "pac-proxy-agent@npm:7.0.2"
  dependencies:
    "@tootallnate/quickjs-emscripten": ^0.23.0
    agent-base: ^7.0.2
    debug: ^4.3.4
    get-uri: ^6.0.1
    http-proxy-agent: ^7.0.0
    https-proxy-agent: ^7.0.5
    pac-resolver: ^7.0.1
    socks-proxy-agent: ^8.0.4
  checksum: 82772aaa489a4ad6f598b75d56daf609e7ba294a05a91cfe3101b004e2df494f0a269c98452cb47aaa4a513428e248308a156e26fee67eb78a76a58e9346921e
  languageName: node
  linkType: hard

"pac-resolver@npm:^7.0.1":
  version: 7.0.1
  resolution: "pac-resolver@npm:7.0.1"
  dependencies:
    degenerator: ^5.0.0
    netmask: ^2.0.2
  checksum: 839134328781b80d49f9684eae1f5c74f50a1d4482076d44c84fc2f3ca93da66fa11245a4725a057231e06b311c20c989fd0681e662a0792d17f644d8fe62a5e
  languageName: node
  linkType: hard

"proxy-agent@npm:^6.3.0":
  version: 6.4.0
  resolution: "proxy-agent@npm:6.4.0"
  dependencies:
    agent-base: ^7.0.2
    debug: ^4.3.4
    http-proxy-agent: ^7.0.1
    https-proxy-agent: ^7.0.3
    lru-cache: ^7.14.1
    pac-proxy-agent: ^7.0.1
    proxy-from-env: ^1.1.0
    socks-proxy-agent: ^8.0.2
  checksum: 4d3794ad5e07486298902f0a7f250d0f869fa0e92d790767ca3f793a81374ce0ab6c605f8ab8e791c4d754da96656b48d1c24cb7094bfd310a15867e4a0841d7
  languageName: node
  linkType: hard

"proxy-from-env@npm:^1.1.0":
  version: 1.1.0
  resolution: "proxy-from-env@npm:1.1.0"
  checksum: ed7fcc2ba0a33404958e34d95d18638249a68c430e30fcb6c478497d72739ba64ce9810a24f53a7d921d0c065e5b78e3822759800698167256b04659366ca4d4
  languageName: node
  linkType: hard

"pubnub-test@workspace:.":
  version: 0.0.0-use.local
  resolution: "pubnub-test@workspace:."
  dependencies:
    "@types/node": ^22.6.1
    pubnub: ^8.2.7
    typescript: ^5.6.2
  languageName: unknown
  linkType: soft

"pubnub@npm:8.2.7":
  version: 8.2.7
  resolution: "pubnub@npm:8.2.7"
  dependencies:
    agentkeepalive: ^3.5.2
    buffer: ^6.0.3
    cbor-js: ^0.1.0
    cbor-sync: ^1.0.4
    form-data: ^4.0.0
    lil-uuid: ^0.1.1
    node-fetch: ^2.7.0
    proxy-agent: ^6.3.0
    react-native-url-polyfill: ^2.0.0
    text-encoding: ^0.7.0
  checksum: e2526130f42cda468956ee9df283f2c4bf8e448dac7074c80025496cedc94dfa21f1d512b8c6ff5943c9aa1930ba4c6dccc269dbc69d150bf92cdc539e0f15dc
  languageName: node
  linkType: hard

"pubnub@patch:pubnub@npm%3A8.2.7#./.yarn/patches/pubnub-npm-8.2.7-a9afefb544.patch::locator=pubnub-test%40workspace%3A.":
  version: 8.2.7
  resolution: "pubnub@patch:pubnub@npm%3A8.2.7#./.yarn/patches/pubnub-npm-8.2.7-a9afefb544.patch::version=8.2.7&hash=0e5d6e&locator=pubnub-test%40workspace%3A."
  dependencies:
    agentkeepalive: ^3.5.2
    buffer: ^6.0.3
    cbor-js: ^0.1.0
    cbor-sync: ^1.0.4
    form-data: ^4.0.0
    lil-uuid: ^0.1.1
    node-fetch: ^2.7.0
    proxy-agent: ^6.3.0
    react-native-url-polyfill: ^2.0.0
    text-encoding: ^0.7.0
  checksum: 1399b742e24e4e18dcfc8fbbc218e53dda75c6ec24ddc4546647714208db0fdfa1326b79eaec4fe985d30ea89ed3c29b2238dcc0a32e3373c6d4989e2412f987
  languageName: node
  linkType: hard

"punycode@npm:^2.1.1":
  version: 2.3.1
  resolution: "punycode@npm:2.3.1"
  checksum: bb0a0ceedca4c3c57a9b981b90601579058903c62be23c5e8e843d2c2d4148a3ecf029d5133486fb0e1822b098ba8bba09e89d6b21742d02fa26bda6441a6fb2
  languageName: node
  linkType: hard

"react-native-url-polyfill@npm:^2.0.0":
  version: 2.0.0
  resolution: "react-native-url-polyfill@npm:2.0.0"
  dependencies:
    whatwg-url-without-unicode: 8.0.0-3
  peerDependencies:
    react-native: "*"
  checksum: 1a2e1030a62fd093764b5330ce0ff34d72246e581dd2892cddc347d8621931aeb2c9ea3e054960484a1259230e8461e569e1890f1ff452d3c5c0adef70190fc3
  languageName: node
  linkType: hard

"smart-buffer@npm:^4.2.0":
  version: 4.2.0
  resolution: "smart-buffer@npm:4.2.0"
  checksum: b5167a7142c1da704c0e3af85c402002b597081dd9575031a90b4f229ca5678e9a36e8a374f1814c8156a725d17008ae3bde63b92f9cfd132526379e580bec8b
  languageName: node
  linkType: hard

"socks-proxy-agent@npm:^8.0.2, socks-proxy-agent@npm:^8.0.4":
  version: 8.0.4
  resolution: "socks-proxy-agent@npm:8.0.4"
  dependencies:
    agent-base: ^7.1.1
    debug: ^4.3.4
    socks: ^2.8.3
  checksum: b2ec5051d85fe49072f9a250c427e0e9571fd09d5db133819192d078fd291276e1f0f50f6dbc04329b207738b1071314cee8bdbb4b12e27de42dbcf1d4233c67
  languageName: node
  linkType: hard

"socks@npm:^2.8.3":
  version: 2.8.3
  resolution: "socks@npm:2.8.3"
  dependencies:
    ip-address: ^9.0.5
    smart-buffer: ^4.2.0
  checksum: 7a6b7f6eedf7482b9e4597d9a20e09505824208006ea8f2c49b71657427f3c137ca2ae662089baa73e1971c62322d535d9d0cf1c9235cf6f55e315c18203eadd
  languageName: node
  linkType: hard

"source-map@npm:~0.6.1":
  version: 0.6.1
  resolution: "source-map@npm:0.6.1"
  checksum: 59ce8640cf3f3124f64ac289012c2b8bd377c238e316fb323ea22fbfe83da07d81e000071d7242cad7a23cd91c7de98e4df8830ec3f133cb6133a5f6e9f67bc2
  languageName: node
  linkType: hard

"sprintf-js@npm:^1.1.3":
  version: 1.1.3
  resolution: "sprintf-js@npm:1.1.3"
  checksum: a3fdac7b49643875b70864a9d9b469d87a40dfeaf5d34d9d0c5b1cda5fd7d065531fcb43c76357d62254c57184a7b151954156563a4d6a747015cfb41021cad0
  languageName: node
  linkType: hard

"text-encoding@npm:^0.7.0":
  version: 0.7.0
  resolution: "text-encoding@npm:0.7.0"
  checksum: b6109a843fb1b8748b32e1ecd6df74d370f46c13ac136bcb6ca15db70209bb0b8ec1f296ebb4b0dd9961150e205dcc044b89f8cf7657f6faef78c7569a2a81bc
  languageName: node
  linkType: hard

"tr46@npm:~0.0.3":
  version: 0.0.3
  resolution: "tr46@npm:0.0.3"
  checksum: 726321c5eaf41b5002e17ffbd1fb7245999a073e8979085dacd47c4b4e8068ff5777142fc6726d6ca1fd2ff16921b48788b87225cbc57c72636f6efa8efbffe3
  languageName: node
  linkType: hard

"tslib@npm:^2.0.1":
  version: 2.7.0
  resolution: "tslib@npm:2.7.0"
  checksum: 1606d5c89f88d466889def78653f3aab0f88692e80bb2066d090ca6112ae250ec1cfa9dbfaab0d17b60da15a4186e8ec4d893801c67896b277c17374e36e1d28
  languageName: node
  linkType: hard

"typescript@npm:^5.6.2":
  version: 5.6.2
  resolution: "typescript@npm:5.6.2"
  bin:
    tsc: bin/tsc
    tsserver: bin/tsserver
  checksum: 48777e1dabd9044519f56cd012b0296e3b72bafe12b7e8e34222751d45c67e0eba5387ecdaa6c14a53871a29361127798df6dc8d1d35643a0a47cb0b1c65a33a
  languageName: node
  linkType: hard

"typescript@patch:typescript@^5.6.2#~builtin<compat/typescript>":
  version: 5.6.2
  resolution: "typescript@patch:typescript@npm%3A5.6.2#~builtin<compat/typescript>::version=5.6.2&hash=1f5320"
  bin:
    tsc: bin/tsc
    tsserver: bin/tsserver
  checksum: c084ee1ab865f108c787e6233a5f63c126c482c0c8e87ec998ac5288a2ad54b603e1ea8b8b272355823b833eb31b9fabb99e8c6152283e1cb47e3a76bd6faf6c
  languageName: node
  linkType: hard

"undici-types@npm:~6.19.2":
  version: 6.19.8
  resolution: "undici-types@npm:6.19.8"
  checksum: de51f1b447d22571cf155dfe14ff6d12c5bdaec237c765085b439c38ca8518fc360e88c70f99469162bf2e14188a7b0bcb06e1ed2dc031042b984b0bb9544017
  languageName: node
  linkType: hard

"universalify@npm:^2.0.0":
  version: 2.0.1
  resolution: "universalify@npm:2.0.1"
  checksum: ecd8469fe0db28e7de9e5289d32bd1b6ba8f7183db34f3bfc4ca53c49891c2d6aa05f3fb3936a81285a905cc509fb641a0c3fc131ec786167eff41236ae32e60
  languageName: node
  linkType: hard

"webidl-conversions@npm:^3.0.0":
  version: 3.0.1
  resolution: "webidl-conversions@npm:3.0.1"
  checksum: c92a0a6ab95314bde9c32e1d0a6dfac83b578f8fa5f21e675bc2706ed6981bc26b7eb7e6a1fab158e5ce4adf9caa4a0aee49a52505d4d13c7be545f15021b17c
  languageName: node
  linkType: hard

"webidl-conversions@npm:^5.0.0":
  version: 5.0.0
  resolution: "webidl-conversions@npm:5.0.0"
  checksum: ccf1ec2ca7c0b5671e5440ace4a66806ae09c49016ab821481bec0c05b1b82695082dc0a27d1fe9d804d475a408ba0c691e6803fd21be608e710955d4589cd69
  languageName: node
  linkType: hard

"whatwg-url-without-unicode@npm:8.0.0-3":
  version: 8.0.0-3
  resolution: "whatwg-url-without-unicode@npm:8.0.0-3"
  dependencies:
    buffer: ^5.4.3
    punycode: ^2.1.1
    webidl-conversions: ^5.0.0
  checksum: 1fe266f7161e0bd961087c1254a5a59d1138c3d402064495eed65e7590d9caed5a1d9acfd6e7a1b0bf0431253b0e637ee3e4ffc08387cd60e0b2ddb9d4687a4b
  languageName: node
  linkType: hard

"whatwg-url@npm:^5.0.0":
  version: 5.0.0
  resolution: "whatwg-url@npm:5.0.0"
  dependencies:
    tr46: ~0.0.3
    webidl-conversions: ^3.0.0
  checksum: b8daed4ad3356cc4899048a15b2c143a9aed0dfae1f611ebd55073310c7b910f522ad75d727346ad64203d7e6c79ef25eafd465f4d12775ca44b90fa82ed9e2c
  languageName: node
  linkType: hard
